
Microsoft Visual Studio Solution File, Format Version 12.00
# Visual Studio Version 17
VisualStudioVersion = 17.5.002.0
MinimumVisualStudioVersion = 10.0.40219.1
Project("{9A19103F-16F7-4668-BE54-9A1E7A4F7556}") = "TimeInTimeOut.Module.Core", "TimeInTimeOut.Module.Core\TimeInTimeOut.Module.Core.csproj", "{FFA34D14-773A-4291-AA21-28A1A073C5EA}"
EndProject
Project("{9A19103F-16F7-4668-BE54-9A1E7A4F7556}") = "Break.Module.Core", "Break.Module.Core\Break.Module.Core.csproj", "{C8494348-7DB8-4D7A-BE85-00824B81F02D}"
EndProject
Project("{9A19103F-16F7-4668-BE54-9A1E7A4F7556}") = "TimeInTimeOut.Module.Api", "TimeInTimeOut.Module.Api\TimeInTimeOut.Module.Api.csproj", "{B11A25C5-4F36-44BE-A251-FF55033089C2}"
EndProject
Project("{9A19103F-16F7-4668-BE54-9A1E7A4F7556}") = "Break.Module.Api", "Break.Module.Api\Break.Module.Api.csproj", "{39A4FB75-B805-4DB8-BAAE-5158CC4FF0EE}"
EndProject
Project("{9A19103F-16F7-4668-BE54-9A1E7A4F7556}") = "Workschedule.Module.Api", "Workschedule.Module.Api\Workschedule.Module.Api.csproj", "{B414944E-6AB0-4941-91DC-0EA24FF267D5}"
EndProject
Project("{9A19103F-16F7-4668-BE54-9A1E7A4F7556}") = "Workschedule.Module.Core", "Workschedule.Module.Core\Workschedule.Module.Core.csproj", "{775E4202-F870-423E-80DF-8F661F5E45DC}"
EndProject
Project("{FAE04EC0-301F-11D3-BF4B-00C04F79EFBC}") = "AEntryPoint", "AEntryPoint\AEntryPoint.csproj", "{999AC901-C6BE-41D5-828D-44A183508075}"
EndProject
Global
	GlobalSection(SolutionConfigurationPlatforms) = preSolution
		Debug|Any CPU = Debug|Any CPU
		Release|Any CPU = Release|Any CPU
	EndGlobalSection
	GlobalSection(ProjectConfigurationPlatforms) = postSolution
		{F38918F0-3AF8-4AE8-A4BB-DCD89E81D536}.Debug|Any CPU.ActiveCfg = Debug|Any CPU
		{F38918F0-3AF8-4AE8-A4BB-DCD89E81D536}.Debug|Any CPU.Build.0 = Debug|Any CPU
		{F38918F0-3AF8-4AE8-A4BB-DCD89E81D536}.Release|Any CPU.ActiveCfg = Release|Any CPU
		{F38918F0-3AF8-4AE8-A4BB-DCD89E81D536}.Release|Any CPU.Build.0 = Release|Any CPU
		{FFA34D14-773A-4291-AA21-28A1A073C5EA}.Debug|Any CPU.ActiveCfg = Debug|Any CPU
		{FFA34D14-773A-4291-AA21-28A1A073C5EA}.Debug|Any CPU.Build.0 = Debug|Any CPU
		{FFA34D14-773A-4291-AA21-28A1A073C5EA}.Release|Any CPU.ActiveCfg = Release|Any CPU
		{FFA34D14-773A-4291-AA21-28A1A073C5EA}.Release|Any CPU.Build.0 = Release|Any CPU
		{C8494348-7DB8-4D7A-BE85-00824B81F02D}.Debug|Any CPU.ActiveCfg = Debug|Any CPU
		{C8494348-7DB8-4D7A-BE85-00824B81F02D}.Debug|Any CPU.Build.0 = Debug|Any CPU
		{C8494348-7DB8-4D7A-BE85-00824B81F02D}.Release|Any CPU.ActiveCfg = Release|Any CPU
		{C8494348-7DB8-4D7A-BE85-00824B81F02D}.Release|Any CPU.Build.0 = Release|Any CPU
		{B11A25C5-4F36-44BE-A251-FF55033089C2}.Debug|Any CPU.ActiveCfg = Debug|Any CPU
		{B11A25C5-4F36-44BE-A251-FF55033089C2}.Debug|Any CPU.Build.0 = Debug|Any CPU
		{B11A25C5-4F36-44BE-A251-FF55033089C2}.Release|Any CPU.ActiveCfg = Release|Any CPU
		{B11A25C5-4F36-44BE-A251-FF55033089C2}.Release|Any CPU.Build.0 = Release|Any CPU
		{39A4FB75-B805-4DB8-BAAE-5158CC4FF0EE}.Debug|Any CPU.ActiveCfg = Debug|Any CPU
		{39A4FB75-B805-4DB8-BAAE-5158CC4FF0EE}.Debug|Any CPU.Build.0 = Debug|Any CPU
		{39A4FB75-B805-4DB8-BAAE-5158CC4FF0EE}.Release|Any CPU.ActiveCfg = Release|Any CPU
		{39A4FB75-B805-4DB8-BAAE-5158CC4FF0EE}.Release|Any CPU.Build.0 = Release|Any CPU
		{B414944E-6AB0-4941-91DC-0EA24FF267D5}.Debug|Any CPU.ActiveCfg = Debug|Any CPU
		{B414944E-6AB0-4941-91DC-0EA24FF267D5}.Debug|Any CPU.Build.0 = Debug|Any CPU
		{B414944E-6AB0-4941-91DC-0EA24FF267D5}.Release|Any CPU.ActiveCfg = Release|Any CPU
		{B414944E-6AB0-4941-91DC-0EA24FF267D5}.Release|Any CPU.Build.0 = Release|Any CPU
		{775E4202-F870-423E-80DF-8F661F5E45DC}.Debug|Any CPU.ActiveCfg = Debug|Any CPU
		{775E4202-F870-423E-80DF-8F661F5E45DC}.Debug|Any CPU.Build.0 = Debug|Any CPU
		{775E4202-F870-423E-80DF-8F661F5E45DC}.Release|Any CPU.ActiveCfg = Release|Any CPU
		{775E4202-F870-423E-80DF-8F661F5E45DC}.Release|Any CPU.Build.0 = Release|Any CPU
		{999AC901-C6BE-41D5-828D-44A183508075}.Debug|Any CPU.ActiveCfg = Debug|Any CPU
		{999AC901-C6BE-41D5-828D-44A183508075}.Debug|Any CPU.Build.0 = Debug|Any CPU
		{999AC901-C6BE-41D5-828D-44A183508075}.Release|Any CPU.ActiveCfg = Release|Any CPU
		{999AC901-C6BE-41D5-828D-44A183508075}.Release|Any CPU.Build.0 = Release|Any CPU
	EndGlobalSection
	GlobalSection(SolutionProperties) = preSolution
		HideSolutionNode = FALSE
	EndGlobalSection
	GlobalSection(ExtensibilityGlobals) = postSolution
		SolutionGuid = {153A4628-EA34-4D3B-B56E-75518E6B3B36}
	EndGlobalSection
EndGlobal
